<?xml version="1.0" encoding="utf-8"?>
<Project ToolsVersion="4.0" xmlns="http://schemas.microsoft.com/developer/msbuild/2003">
  <ItemGroup>
    <Filter Include="res">
      <UniqueIdentifier>{4FA5880B-BBAE-887C-442A-9F7CB032947C}</UniqueIdentifier>
    </Filter>
    <Filter Include="res\Materials">
      <UniqueIdentifier>{E0D68D1F-4C97-0956-15D2-52D381514E32}</UniqueIdentifier>
    </Filter>
    <Filter Include="src">
      <UniqueIdentifier>{2DAB880B-99B4-887C-2230-9F7C8E38947C}</UniqueIdentifier>
    </Filter>
    <Filter Include="src\core">
      <UniqueIdentifier>{C55F2ECF-B12C-89DA-DA45-7782C671BE68}</UniqueIdentifier>
    </Filter>
    <Filter Include="src\core\component">
      <UniqueIdentifier>{8792C836-7376-898C-DCD6-83DFC8D9730E}</UniqueIdentifier>
    </Filter>
    <Filter Include="src\core\renderer">
      <UniqueIdentifier>{2BCDB0C9-97E3-AE5F-E05A-3A814CB07FE7}</UniqueIdentifier>
    </Filter>
    <Filter Include="src\math">
      <UniqueIdentifier>{46A033CF-326D-8EDA-5B86-7C8247B2C368}</UniqueIdentifier>
    </Filter>
    <Filter Include="src\scenes">
      <UniqueIdentifier>{DDDBB778-C993-F9C5-329B-D2211E7294B6}</UniqueIdentifier>
    </Filter>
    <Filter Include="src\util">
      <UniqueIdentifier>{BA5238CF-A61F-93DA-CF38-8182BB64C868}</UniqueIdentifier>
    </Filter>
    <Filter Include="src\vendor">
      <UniqueIdentifier>{EA4CE07F-D604-22CD-3F0C-FB282BE3BCBD}</UniqueIdentifier>
    </Filter>
    <Filter Include="src\vendor\glut">
      <UniqueIdentifier>{D5C453D9-4150-C19D-4A61-4492B66B1D9E}</UniqueIdentifier>
    </Filter>
    <Filter Include="src\vendor\imgui">
      <UniqueIdentifier>{D4E1F003-C0DA-0F56-E90C-F5DAD564EF61}</UniqueIdentifier>
    </Filter>
    <Filter Include="src\vendor\stb_image">
      <UniqueIdentifier>{04AA27C1-F038-B18A-9957-C58585C5C130}</UniqueIdentifier>
    </Filter>
  </ItemGroup>
  <ItemGroup>
    <ClInclude Include="res\Materials\LambertMaterial.h">
      <Filter>res\Materials</Filter>
    </ClInclude>
    <ClInclude Include="res\Materials\PBRMaterial.h">
      <Filter>res\Materials</Filter>
    </ClInclude>
    <ClInclude Include="src\core\Game.h">
      <Filter>src\core</Filter>
    </ClInclude>
    <ClInclude Include="src\core\Input.h">
      <Filter>src\core</Filter>
    </ClInclude>
    <ClInclude Include="src\core\SceneNode.h">
      <Filter>src\core</Filter>
    </ClInclude>
    <ClInclude Include="src\core\component\CMeshRenderer.h">
      <Filter>src\core\component</Filter>
    </ClInclude>
    <ClInclude Include="src\core\component\DirectionalLight.h">
      <Filter>src\core\component</Filter>
    </ClInclude>
    <ClInclude Include="src\core\component\IComponent.h">
      <Filter>src\core\component</Filter>
    </ClInclude>
    <ClInclude Include="src\core\component\Light.h">
      <Filter>src\core\component</Filter>
    </ClInclude>
    <ClInclude Include="src\core\component\PointLight.h">
      <Filter>src\core\component</Filter>
    </ClInclude>
    <ClInclude Include="src\core\renderer\Camera.h">
      <Filter>src\core\renderer</Filter>
    </ClInclude>
    <ClInclude Include="src\core\renderer\GraphicsContext.h">
      <Filter>src\core\renderer</Filter>
    </ClInclude>
    <ClInclude Include="src\core\renderer\Material.h">
      <Filter>src\core\renderer</Filter>
    </ClInclude>
    <ClInclude Include="src\core\renderer\Mesh.h">
      <Filter>src\core\renderer</Filter>
    </ClInclude>
    <ClInclude Include="src\core\renderer\Shader.h">
      <Filter>src\core\renderer</Filter>
    </ClInclude>
    <ClInclude Include="src\core\renderer\Texture.h">
      <Filter>src\core\renderer</Filter>
    </ClInclude>
    <ClInclude Include="src\core\renderer\Uniform.h">
      <Filter>src\core\renderer</Filter>
    </ClInclude>
    <ClInclude Include="src\core\renderer\VertexBuffer.h">
      <Filter>src\core\renderer</Filter>
    </ClInclude>
    <ClInclude Include="src\math\Matrix.h">
      <Filter>src\math</Filter>
    </ClInclude>
    <ClInclude Include="src\math\Quaternion.h">
      <Filter>src\math</Filter>
    </ClInclude>
    <ClInclude Include="src\math\Transform.h">
      <Filter>src\math</Filter>
    </ClInclude>
    <ClInclude Include="src\math\Vector.h">
      <Filter>src\math</Filter>
    </ClInclude>
    <ClInclude Include="src\scenes\DemoScene.h">
      <Filter>src\scenes</Filter>
    </ClInclude>
    <ClInclude Include="src\scenes\HighScene.h">
      <Filter>src\scenes</Filter>
    </ClInclude>
    <ClInclude Include="src\scenes\IScene.h">
      <Filter>src\scenes</Filter>
    </ClInclude>
    <ClInclude Include="src\scenes\LowScene.h">
      <Filter>src\scenes</Filter>
    </ClInclude>
    <ClInclude Include="src\scenes\MediumScene.h">
      <Filter>src\scenes</Filter>
    </ClInclude>
    <ClInclude Include="src\util\Log.h">
      <Filter>src\util</Filter>
    </ClInclude>
    <ClInclude Include="src\util\ObjLoader.h">
      <Filter>src\util</Filter>
    </ClInclude>
    <ClInclude Include="src\util\Timer.h">
      <Filter>src\util</Filter>
    </ClInclude>
    <ClInclude Include="src\vendor\imgui\imconfig.h">
      <Filter>src\vendor\imgui</Filter>
    </ClInclude>
    <ClInclude Include="src\vendor\imgui\imgui.h">
      <Filter>src\vendor\imgui</Filter>
    </ClInclude>
    <ClInclude Include="src\vendor\imgui\imgui_impl_glfw.h">
      <Filter>src\vendor\imgui</Filter>
    </ClInclude>
    <ClInclude Include="src\vendor\imgui\imgui_impl_opengl3.h">
      <Filter>src\vendor\imgui</Filter>
    </ClInclude>
    <ClInclude Include="src\vendor\imgui\imgui_impl_vulkan.h">
      <Filter>src\vendor\imgui</Filter>
    </ClInclude>
    <ClInclude Include="src\vendor\imgui\imgui_internal.h">
      <Filter>src\vendor\imgui</Filter>
    </ClInclude>
    <ClInclude Include="src\vendor\imgui\imstb_rectpack.h">
      <Filter>src\vendor\imgui</Filter>
    </ClInclude>
    <ClInclude Include="src\vendor\imgui\imstb_textedit.h">
      <Filter>src\vendor\imgui</Filter>
    </ClInclude>
    <ClInclude Include="src\vendor\imgui\imstb_truetype.h">
      <Filter>src\vendor\imgui</Filter>
    </ClInclude>
    <ClInclude Include="src\vendor\stb_image\stb_image.h">
      <Filter>src\vendor\stb_image</Filter>
    </ClInclude>
  </ItemGroup>
  <ItemGroup>
    <ClCompile Include="res\Materials\LambertMaterial.cpp">
      <Filter>res\Materials</Filter>
    </ClCompile>
    <ClCompile Include="res\Materials\PBRMaterial.cpp">
      <Filter>res\Materials</Filter>
    </ClCompile>
    <ClCompile Include="src\Application.cpp">
      <Filter>src</Filter>
    </ClCompile>
    <ClCompile Include="src\core\Game.cpp">
      <Filter>src\core</Filter>
    </ClCompile>
    <ClCompile Include="src\core\Input.cpp">
      <Filter>src\core</Filter>
    </ClCompile>
    <ClCompile Include="src\core\renderer\Material.cpp">
      <Filter>src\core\renderer</Filter>
    </ClCompile>
    <ClCompile Include="src\core\renderer\Mesh.cpp">
      <Filter>src\core\renderer</Filter>
    </ClCompile>
    <ClCompile Include="src\core\renderer\Shader.cpp">
      <Filter>src\core\renderer</Filter>
    </ClCompile>
    <ClCompile Include="src\core\renderer\Texture.cpp">
      <Filter>src\core\renderer</Filter>
    </ClCompile>
    <ClCompile Include="src\core\renderer\Uniform.cpp">
      <Filter>src\core\renderer</Filter>
    </ClCompile>
    <ClCompile Include="src\util\Log.cpp">
      <Filter>src\util</Filter>
    </ClCompile>
    <ClCompile Include="src\vendor\glut\glad.c">
      <Filter>src\vendor\glut</Filter>
    </ClCompile>
    <ClCompile Include="src\vendor\imgui\imgui.cpp">
      <Filter>src\vendor\imgui</Filter>
    </ClCompile>
    <ClCompile Include="src\vendor\imgui\imgui_demo.cpp">
      <Filter>src\vendor\imgui</Filter>
    </ClCompile>
    <ClCompile Include="src\vendor\imgui\imgui_draw.cpp">
      <Filter>src\vendor\imgui</Filter>
    </ClCompile>
    <ClCompile Include="src\vendor\imgui\imgui_impl_glfw.cpp">
      <Filter>src\vendor\imgui</Filter>
    </ClCompile>
    <ClCompile Include="src\vendor\imgui\imgui_impl_opengl3.cpp">
      <Filter>src\vendor\imgui</Filter>
    </ClCompile>
    <ClCompile Include="src\vendor\imgui\imgui_impl_vulkan.cpp">
      <Filter>src\vendor\imgui</Filter>
    </ClCompile>
    <ClCompile Include="src\vendor\imgui\imgui_widgets.cpp">
      <Filter>src\vendor\imgui</Filter>
    </ClCompile>
  </ItemGroup>
</Project>